
Microsoft Visual Studio Solution File, Format Version 12.00
# Visual Studio 15
VisualStudioVersion = 15.0.28307.421
MinimumVisualStudioVersion = 10.0.40219.1
Project("{FAE04EC0-301F-11D3-BF4B-00C04F79EFBC}") = "DACbyEatMe", "DACbyEatMe\DACbyEatMe.csproj", "{86592D3E-4B9A-483D-B5F6-B3A61E4D4DCF}"
EndProject
Global
	GlobalSection(SolutionConfigurationPlatforms) = preSolution
		Debug|Any CPU = Debug|Any CPU
		Release|Any CPU = Release|Any CPU
	EndGlobalSection
	GlobalSection(ProjectConfigurationPlatforms) = postSolution
		{86592D3E-4B9A-483D-B5F6-B3A61E4D4DCF}.Debug|Any CPU.ActiveCfg = Debug|Any CPU
		{86592D3E-4B9A-483D-B5F6-B3A61E4D4DCF}.Debug|Any CPU.Build.0 = Debug|Any CPU
		{86592D3E-4B9A-483D-B5F6-B3A61E4D4DCF}.Release|Any CPU.ActiveCfg = Release|Any CPU
		{86592D3E-4B9A-483D-B5F6-B3A61E4D4DCF}.Release|Any CPU.Build.0 = Release|Any CPU
	EndGlobalSection
	GlobalSection(SolutionProperties) = preSolution
		HideSolutionNode = FALSE
	EndGlobalSection
	GlobalSection(ExtensibilityGlobals) = postSolution
		SolutionGuid = {F182019E-1F96-4E7D-86A6-181DCABFEE1C}
	EndGlobalSection
EndGlobal
